# THIS IS AN AUTOGENERATED FILE. DO NOT EDIT THIS FILE DIRECTLY.
# yarn lockfile v1


vscode-jsonrpc@^3.4.0:
  version "3.4.0"
  resolved "https://registry.yarnpkg.com/vscode-jsonrpc/-/vscode-jsonrpc-3.4.0.tgz#aa95ac583bf31d80f725d57c27c09f4c2cfe9fa9"

vscode-languageserver-protocol@^3.4.1:
  version "3.4.1"
  resolved "https://registry.yarnpkg.com/vscode-languageserver-protocol/-/vscode-languageserver-protocol-3.4.1.tgz#96b7c8a3ed68a4ebd30a407b0427a7637935fe1f"
  dependencies:
    vscode-jsonrpc "^3.4.0"
    vscode-languageserver-types "^3.4.0"

vscode-languageserver-types@^3.4.0:
  version "3.4.0"
  resolved "https://registry.yarnpkg.com/vscode-languageserver-types/-/vscode-languageserver-types-3.4.0.tgz#5043ae47ee4ac16af07bb3d0ca561235e0c0d2fa"

vscode-languageserver@^3.4.2:
  version "3.4.2"
  resolved "https://registry.yarnpkg.com/vscode-languageserver/-/vscode-languageserver-3.4.2.tgz#08cbe50ee26901d37dd4b5dc52c25b909363c1f1"
  dependencies:
    vscode-languageserver-protocol "^3.4.1"
    vscode-uri "^1.0.1"

vscode-uri@^1.0.1:
  version "1.0.1"
  resolved "https://registry.yarnpkg.com/vscode-uri/-/vscode-uri-1.0.1.tgz#11a86befeac3c4aa3ec08623651a3c81a6d0bbc8"
